
Microsoft Visual Studio Solution File, Format Version 12.00
# Visual Studio Version 16
VisualStudioVersion = 16.0.28803.202
MinimumVisualStudioVersion = 10.0.40219.1
Project("{FAE04EC0-301F-11D3-BF4B-00C04F79EFBC}") = "SistemaControlServicioSocial", "SistemaControlServicioSocial\SistemaControlServicioSocial.csproj", "{4BDC0778-429F-458E-9A1C-1787E16AE38A}"
EndProject
Project("{FAE04EC0-301F-11D3-BF4B-00C04F79EFBC}") = "LogicaDeNegocio", "LogicaDeNegocio\LogicaDeNegocio.csproj", "{5D2BACAA-AE4C-4FBC-839E-0B7485093D70}"
EndProject
Project("{FAE04EC0-301F-11D3-BF4B-00C04F79EFBC}") = "AccesoDeDatos", "AccesoDeDatos\AccesoDeDatos.csproj", "{4F7CAB21-F150-4B79-90F1-44409F5B8C9C}"
EndProject
Global
	GlobalSection(SolutionConfigurationPlatforms) = preSolution
		Debug|Any CPU = Debug|Any CPU
		Debug|ARM = Debug|ARM
		Debug|ARM64 = Debug|ARM64
		Debug|x64 = Debug|x64
		Debug|x86 = Debug|x86
		Release|Any CPU = Release|Any CPU
		Release|ARM = Release|ARM
		Release|ARM64 = Release|ARM64
		Release|x64 = Release|x64
		Release|x86 = Release|x86
	EndGlobalSection
	GlobalSection(ProjectConfigurationPlatforms) = postSolution
		{4BDC0778-429F-458E-9A1C-1787E16AE38A}.Debug|Any CPU.ActiveCfg = Debug|x86
		{4BDC0778-429F-458E-9A1C-1787E16AE38A}.Debug|ARM.ActiveCfg = Debug|ARM
		{4BDC0778-429F-458E-9A1C-1787E16AE38A}.Debug|ARM.Build.0 = Debug|ARM
		{4BDC0778-429F-458E-9A1C-1787E16AE38A}.Debug|ARM.Deploy.0 = Debug|ARM
		{4BDC0778-429F-458E-9A1C-1787E16AE38A}.Debug|ARM64.ActiveCfg = Debug|ARM64
		{4BDC0778-429F-458E-9A1C-1787E16AE38A}.Debug|ARM64.Build.0 = Debug|ARM64
		{4BDC0778-429F-458E-9A1C-1787E16AE38A}.Debug|ARM64.Deploy.0 = Debug|ARM64
		{4BDC0778-429F-458E-9A1C-1787E16AE38A}.Debug|x64.ActiveCfg = Debug|x64
		{4BDC0778-429F-458E-9A1C-1787E16AE38A}.Debug|x64.Build.0 = Debug|x64
		{4BDC0778-429F-458E-9A1C-1787E16AE38A}.Debug|x64.Deploy.0 = Debug|x64
		{4BDC0778-429F-458E-9A1C-1787E16AE38A}.Debug|x86.ActiveCfg = Debug|x86
		{4BDC0778-429F-458E-9A1C-1787E16AE38A}.Debug|x86.Build.0 = Debug|x86
		{4BDC0778-429F-458E-9A1C-1787E16AE38A}.Debug|x86.Deploy.0 = Debug|x86
		{4BDC0778-429F-458E-9A1C-1787E16AE38A}.Release|Any CPU.ActiveCfg = Release|x86
		{4BDC0778-429F-458E-9A1C-1787E16AE38A}.Release|ARM.ActiveCfg = Release|ARM
		{4BDC0778-429F-458E-9A1C-1787E16AE38A}.Release|ARM.Build.0 = Release|ARM
		{4BDC0778-429F-458E-9A1C-1787E16AE38A}.Release|ARM.Deploy.0 = Release|ARM
		{4BDC0778-429F-458E-9A1C-1787E16AE38A}.Release|ARM64.ActiveCfg = Release|ARM64
		{4BDC0778-429F-458E-9A1C-1787E16AE38A}.Release|ARM64.Build.0 = Release|ARM64
		{4BDC0778-429F-458E-9A1C-1787E16AE38A}.Release|ARM64.Deploy.0 = Release|ARM64
		{4BDC0778-429F-458E-9A1C-1787E16AE38A}.Release|x64.ActiveCfg = Release|x64
		{4BDC0778-429F-458E-9A1C-1787E16AE38A}.Release|x64.Build.0 = Release|x64
		{4BDC0778-429F-458E-9A1C-1787E16AE38A}.Release|x64.Deploy.0 = Release|x64
		{4BDC0778-429F-458E-9A1C-1787E16AE38A}.Release|x86.ActiveCfg = Release|x86
		{4BDC0778-429F-458E-9A1C-1787E16AE38A}.Release|x86.Build.0 = Release|x86
		{4BDC0778-429F-458E-9A1C-1787E16AE38A}.Release|x86.Deploy.0 = Release|x86
		{5D2BACAA-AE4C-4FBC-839E-0B7485093D70}.Debug|Any CPU.ActiveCfg = Debug|Any CPU
		{5D2BACAA-AE4C-4FBC-839E-0B7485093D70}.Debug|Any CPU.Build.0 = Debug|Any CPU
		{5D2BACAA-AE4C-4FBC-839E-0B7485093D70}.Debug|ARM.ActiveCfg = Debug|ARM
		{5D2BACAA-AE4C-4FBC-839E-0B7485093D70}.Debug|ARM.Build.0 = Debug|ARM
		{5D2BACAA-AE4C-4FBC-839E-0B7485093D70}.Debug|ARM64.ActiveCfg = Debug|ARM64
		{5D2BACAA-AE4C-4FBC-839E-0B7485093D70}.Debug|ARM64.Build.0 = Debug|ARM64
		{5D2BACAA-AE4C-4FBC-839E-0B7485093D70}.Debug|x64.ActiveCfg = Debug|x64
		{5D2BACAA-AE4C-4FBC-839E-0B7485093D70}.Debug|x64.Build.0 = Debug|x64
		{5D2BACAA-AE4C-4FBC-839E-0B7485093D70}.Debug|x86.ActiveCfg = Debug|x86
		{5D2BACAA-AE4C-4FBC-839E-0B7485093D70}.Debug|x86.Build.0 = Debug|x86
		{5D2BACAA-AE4C-4FBC-839E-0B7485093D70}.Release|Any CPU.ActiveCfg = Release|Any CPU
		{5D2BACAA-AE4C-4FBC-839E-0B7485093D70}.Release|Any CPU.Build.0 = Release|Any CPU
		{5D2BACAA-AE4C-4FBC-839E-0B7485093D70}.Release|ARM.ActiveCfg = Release|ARM
		{5D2BACAA-AE4C-4FBC-839E-0B7485093D70}.Release|ARM.Build.0 = Release|ARM
		{5D2BACAA-AE4C-4FBC-839E-0B7485093D70}.Release|ARM64.ActiveCfg = Release|ARM64
		{5D2BACAA-AE4C-4FBC-839E-0B7485093D70}.Release|ARM64.Build.0 = Release|ARM64
		{5D2BACAA-AE4C-4FBC-839E-0B7485093D70}.Release|x64.ActiveCfg = Release|x64
		{5D2BACAA-AE4C-4FBC-839E-0B7485093D70}.Release|x64.Build.0 = Release|x64
		{5D2BACAA-AE4C-4FBC-839E-0B7485093D70}.Release|x86.ActiveCfg = Release|x86
		{5D2BACAA-AE4C-4FBC-839E-0B7485093D70}.Release|x86.Build.0 = Release|x86
		{4F7CAB21-F150-4B79-90F1-44409F5B8C9C}.Debug|Any CPU.ActiveCfg = Debug|Any CPU
		{4F7CAB21-F150-4B79-90F1-44409F5B8C9C}.Debug|Any CPU.Build.0 = Debug|Any CPU
		{4F7CAB21-F150-4B79-90F1-44409F5B8C9C}.Debug|ARM.ActiveCfg = Debug|ARM
		{4F7CAB21-F150-4B79-90F1-44409F5B8C9C}.Debug|ARM.Build.0 = Debug|ARM
		{4F7CAB21-F150-4B79-90F1-44409F5B8C9C}.Debug|ARM64.ActiveCfg = Debug|ARM64
		{4F7CAB21-F150-4B79-90F1-44409F5B8C9C}.Debug|ARM64.Build.0 = Debug|ARM64
		{4F7CAB21-F150-4B79-90F1-44409F5B8C9C}.Debug|x64.ActiveCfg = Debug|x64
		{4F7CAB21-F150-4B79-90F1-44409F5B8C9C}.Debug|x64.Build.0 = Debug|x64
		{4F7CAB21-F150-4B79-90F1-44409F5B8C9C}.Debug|x86.ActiveCfg = Debug|x86
		{4F7CAB21-F150-4B79-90F1-44409F5B8C9C}.Debug|x86.Build.0 = Debug|x86
		{4F7CAB21-F150-4B79-90F1-44409F5B8C9C}.Release|Any CPU.ActiveCfg = Release|Any CPU
		{4F7CAB21-F150-4B79-90F1-44409F5B8C9C}.Release|Any CPU.Build.0 = Release|Any CPU
		{4F7CAB21-F150-4B79-90F1-44409F5B8C9C}.Release|ARM.ActiveCfg = Release|ARM
		{4F7CAB21-F150-4B79-90F1-44409F5B8C9C}.Release|ARM.Build.0 = Release|ARM
		{4F7CAB21-F150-4B79-90F1-44409F5B8C9C}.Release|ARM64.ActiveCfg = Release|ARM64
		{4F7CAB21-F150-4B79-90F1-44409F5B8C9C}.Release|ARM64.Build.0 = Release|ARM64
		{4F7CAB21-F150-4B79-90F1-44409F5B8C9C}.Release|x64.ActiveCfg = Release|x64
		{4F7CAB21-F150-4B79-90F1-44409F5B8C9C}.Release|x64.Build.0 = Release|x64
		{4F7CAB21-F150-4B79-90F1-44409F5B8C9C}.Release|x86.ActiveCfg = Release|x86
		{4F7CAB21-F150-4B79-90F1-44409F5B8C9C}.Release|x86.Build.0 = Release|x86
	EndGlobalSection
	GlobalSection(SolutionProperties) = preSolution
		HideSolutionNode = FALSE
	EndGlobalSection
	GlobalSection(ExtensibilityGlobals) = postSolution
		SolutionGuid = {038015F5-6252-4FDD-9869-26B830971D1D}
	EndGlobalSection
EndGlobal
